# filename	source_path	sha256	architectures
ffmpeg	/opt/homebrew/Cellar/ffmpeg/9.0.1_1/bin/ffmpeg	9f5ddd4f8b36eb07b0c5d60ab6ea1e618bedd70bc45feab82b4dc23be1596ad1	arm64
ffprobe	/opt/homebrew/Cellar/ffmpeg/9.0.1_1/bin/ffprobe	0ecd5e1affb1466b129b4f65bee261e9ab625c4d4a2e7c3e9089f63d44808605	arm64
libavdevice.63.1.101.dylib	/opt/homebrew/Cellar/ffmpeg/9.0.1_1/lib/libavdevice.63.1.101.dylib	0fd1e974f9f0b1a21c59c05f2ef1befc72cc1f27ba1cfc38966eacb124ee768e	arm64
