# filename	source_path	sha256	architectures
libSvtAv1Enc.4.2.0.dylib	/opt/homebrew/Cellar/svt-av1/4.2.0/lib/libSvtAv1Enc.4.2.0.dylib	bac7066bcd47c31971f61e57cdd0eccabb2ec2ef3ca5aa1e08bd5ca51cd54608	arm64
libarchive.13.dylib	/opt/homebrew/Cellar/libarchive/3.8.9/lib/libarchive.13.dylib	d16c676c5900e0b4394ba227be05f5fbd4626222533d68c82be80a1f898b6f24	arm64
libass.9.dylib	/opt/homebrew/Cellar/libass/0.17.5/lib/libass.9.dylib	0f190d120aea41d0988d8abc0a9c3410d096826043c9e18b6bb4490faccb7a44	arm64
libavcodec.63.1.101.dylib	/opt/homebrew/Cellar/ffmpeg/9.0.1_1/lib/libavcodec.63.1.101.dylib	13f2894cb10c39db4008e30d12490901eff323e065b4035ccd4e20832bc8f439	arm64
libavdevice.63.1.101.dylib	/opt/homebrew/Cellar/ffmpeg/9.0.1_1/lib/libavdevice.63.1.101.dylib	0fd1e974f9f0b1a21c59c05f2ef1befc72cc1f27ba1cfc38966eacb124ee768e	arm64
libavfilter.12.1.101.dylib	/opt/homebrew/Cellar/ffmpeg/9.0.1_1/lib/libavfilter.12.1.101.dylib	162fc3499e5796991a1a45fb560040dbe6b7b35f3300e80dc7a461375a0ae049	arm64
libavformat.63.1.101.dylib	/opt/homebrew/Cellar/ffmpeg/9.0.1_1/lib/libavformat.63.1.101.dylib	ad5852a3387d1961607a28a7d41036ae159b604be33791f8c8dc22704eb2986c	arm64
libavutil.61.1.101.dylib	/opt/homebrew/Cellar/ffmpeg/9.0.1_1/lib/libavutil.61.1.101.dylib	13379e925ca447b9103cb0846c2dc71d95e454217c744723674cc5fbc79a72db	arm64
libb2.1.dylib	/opt/homebrew/Cellar/libb2/0.98.1/lib/libb2.1.dylib	3b47cc062d3b2547159844fe700b96c9a3c912e5eeb39101af9a1b5d4b83b4e2	arm64
libbluray.4.dylib	/opt/homebrew/Cellar/libbluray/1.5.0/lib/libbluray.4.dylib	6ba9260d3041ba499b1a65ef20e65fc5f08b899e8f07e621d7406fc16914693b	arm64
libcrypto.3.dylib	/opt/homebrew/Cellar/openssl@3/3.6.3/lib/libcrypto.3.dylib	9df9f11d64f403f2afa367057f68f1e878f63f485494bfdbfd086b760412ff0d	arm64
libdav1d.7.dylib	/opt/homebrew/Cellar/dav1d/1.5.4/lib/libdav1d.7.dylib	60c3a42a79582241ac77bbbba4c0137c2209204aecbc59e5d6392c2dc0a5b439	arm64
libfontconfig.1.dylib	/opt/homebrew/Cellar/fontconfig/2.18.3/lib/libfontconfig.1.dylib	e1f5e06e8339b42f0e1af11cc77979ef6a8f48ffa7588e4dc243e4bd69ea656d	arm64
libfreetype.6.dylib	/opt/homebrew/Cellar/freetype/2.14.3/lib/libfreetype.6.dylib	3e85a7f40549dc2d42d68fcd5b18eefd5a41079d1b5a5933888c585b8e1fed9e	arm64
libfribidi.0.dylib	/opt/homebrew/Cellar/fribidi/1.0.16/lib/libfribidi.0.dylib	88f3fc7f5f7083d87002cced910958cd56f372968d90219e1fba94e81eafba8a	arm64
libglib-2.0.0.dylib	/opt/homebrew/Cellar/glib/2.88.3/lib/libglib-2.0.0.dylib	629b656720b26f44814cc1dbb34864f724f36e35f1909a2d008e9a435b7086e5	arm64
libgraphite2.3.3.1.dylib	/opt/homebrew/Cellar/graphite2/1.3.15/lib/libgraphite2.3.3.1.dylib	fc59eeb61994433d7dcd349848db14951be1fac332349872ad03f86361473153	arm64
libharfbuzz.0.dylib	/opt/homebrew/Cellar/harfbuzz/14.4.0/lib/libharfbuzz.0.dylib	377b4eb7626287ca0de0de0af73a154ab15ba035fbf8f02e8b0391efccae5a6e	arm64
libintl.8.dylib	/opt/homebrew/Cellar/gettext/1.0/lib/libintl.8.dylib	0c6d618e75fea85cc3d631e164a71766fba9341d19ce1f723300c52e63037c51	arm64
libjpeg.8.3.2.dylib	/opt/homebrew/Cellar/jpeg-turbo/3.2.0/lib/libjpeg.8.3.2.dylib	e6585d0aee1969a63f288f97bbe3ef100ac787bc25ebcc4e6487b82b96cdbcae	arm64
liblcms2.2.dylib	/opt/homebrew/Cellar/little-cms2/2.19.1/lib/liblcms2.2.dylib	faf9c8f2322a2bb47d04d3077a79cc7103fba68a186697cf91e5f6ef467d1b77	arm64
libluajit-5.1.2.1.1787165859.dylib	/opt/homebrew/Cellar/luajit/2.1.1787165859/lib/libluajit-5.1.2.1.1787165859.dylib	c6fb39d5ec75afbd7abfbc6e604aa9cc06b5bc9bc8acdd03d224153096ec52a0	arm64
liblz4.1.10.0.dylib	/opt/homebrew/Cellar/lz4/1.10.0/lib/liblz4.1.10.0.dylib	db6063b0815362b2152012e549797ca86e7bbd00c080f3e6dd642334f838bb01	arm64
liblzma.5.dylib	/opt/homebrew/Cellar/xz/5.8.3/lib/liblzma.5.dylib	3d5bfa2f097c31463642b1daab5e662b44368bb4da368f85e412e7f9adcbaa10	arm64
libmp3lame.0.dylib	/opt/homebrew/Cellar/lame/4.0/lib/libmp3lame.0.dylib	5150d16a2b09a8f6f3475dcc837fdf5435d4f97e817ca12306fec8da5614647c	arm64
libmpg123.0.dylib	/opt/homebrew/Cellar/mpg123/1.33.7/lib/libmpg123.0.dylib	435f7bc76659569772b1a90b049a28fe17bc0d605525f1061f830c119807718a	arm64
libmpv.2.dylib	/opt/homebrew/Cellar/mpv/0.41.0_9/lib/libmpv.2.dylib	f701babc6b30630ce0e59243dcafce6dc8d6380024c18c231da15b2ed524d162	arm64
libmujs.dylib	/opt/homebrew/Cellar/mujs/1.3.10/lib/libmujs.dylib	a893b1ab345c210c7446c24e953d334a6db70520e42fe9379119ab2ef889c370	arm64
libopus.0.dylib	/opt/homebrew/Cellar/opus/1.6.1/lib/libopus.0.dylib	435581a316f3dd41982f3101caa6be6ec974572e31765cd0e29c7cbe30198609	arm64
libpcre2-8.0.dylib	/opt/homebrew/Cellar/pcre2/10.47_1/lib/libpcre2-8.0.dylib	fc0491cc252c2938b6c37d1b6b4d7bfedffb9edb2519c47cef577637eddb73d5	arm64
libplacebo.360.dylib	/opt/homebrew/Cellar/libplacebo/7.360.1/lib/libplacebo.360.dylib	f81837165c2746db573403138d4dc869b7e93bf04588aa3f908c8f2bd99ed7b8	arm64
libpng16.16.dylib	/opt/homebrew/Cellar/libpng/1.6.58/lib/libpng16.16.dylib	ed50e7c1582d94c40489a37097cbb2fcea81e5450173ee9bbe2871cbfdea27eb	arm64
librubberband.3.dylib	/opt/homebrew/Cellar/rubberband/4.0.0/lib/librubberband.3.dylib	dc016c5b2ccb552fdee99270e58c45733550fbba4e7de391411a9c08a00386bd	arm64
libsamplerate.0.2.2.dylib	/opt/homebrew/Cellar/libsamplerate/0.2.2/lib/libsamplerate.0.2.2.dylib	22eb4ded444adea39ef1316834dcdb3bcf053ca0bd50cd8437c52602e32184d3	arm64
libshaderc_shared.1.dylib	/opt/homebrew/Cellar/shaderc/2026.3/lib/libshaderc_shared.1.dylib	1435daf33783ca6edff7a016eaba7b25b4f204d07d3bea3e2b94a18aa1d824b3	arm64
libssl.3.dylib	/opt/homebrew/Cellar/openssl@3/3.6.3/lib/libssl.3.dylib	882e463235871fa1f559fd9780dfa8d3fcca1135990753d2ab39ca466a0e73bc	arm64
libswresample.7.1.101.dylib	/opt/homebrew/Cellar/ffmpeg/9.0.1_1/lib/libswresample.7.1.101.dylib	2b5fbae2158cf11816f2c0de585eebc86929e21299657265e834ab7d58715a3b	arm64
libswscale.10.1.101.dylib	/opt/homebrew/Cellar/ffmpeg/9.0.1_1/lib/libswscale.10.1.101.dylib	90d756bd34eff2e24299fa84243d10f2f90f1411c1534764c34b64ada839efa7	arm64
libuchardet.0.0.8.dylib	/opt/homebrew/Cellar/uchardet/0.0.8/lib/libuchardet.0.0.8.dylib	a6c91231e7544a5eea2499f9612d2f29df02a39927cce95fdecfd21fd4a33e42	arm64
libudfread.3.dylib	/opt/homebrew/Cellar/libudfread/1.2.0/lib/libudfread.3.dylib	e0c21368d2675819de7e715da8f5807424516850f33a63960f2d7c28b8f7c5d0	arm64
libunibreak.7.dylib	/opt/homebrew/Cellar/libunibreak/7.0/lib/libunibreak.7.dylib	589dad9dfbea65ad24c77efe7d4be6d0c7c340ef65ad925a53f1d878c1d55148	arm64
libvmaf.3.dylib	/opt/homebrew/Cellar/libvmaf/3.2.0/lib/libvmaf.3.dylib	c2d788b0cce9486c0002ea66d802ab50d797afc48f69597df0954de24d069eaa	arm64
libvpx.12.dylib	/opt/homebrew/Cellar/libvpx/1.17.0/lib/libvpx.12.dylib	443cd530535e976a7fe96a027f3e65acebf41a7055005732422309c207089937	arm64
libvulkan.1.4.357.dylib	/opt/homebrew/Cellar/vulkan-loader/1.4.357.0/lib/libvulkan.1.4.357.dylib	52861d3f339401cf4b1e0e8e66ce103de1a51b7eedc9a21aadd9de87040b3c5d	arm64
libx264.165.dylib	/opt/homebrew/Cellar/x264/r3222/lib/libx264.165.dylib	e0d737b88c67ac30e8561d9267d10495529cfede1af45838914c0b522c37a26d	arm64
libx265.217.dylib	/opt/homebrew/Cellar/x265/4.3/lib/libx265.217.dylib	b3a50884e2d9cecf57fd29c4fba2c4e47b37cd7b4d7ff5d920919efca038d9ae	arm64
libzimg.2.dylib	/opt/homebrew/Cellar/zimg/3.0.6/lib/libzimg.2.dylib	a0fee305a8df3333f640051f97f7b1fc5c81296188102e74f8cea4aac0502aa6	arm64
libzstd.1.5.7.dylib	/opt/homebrew/Cellar/zstd/1.5.7_1/lib/libzstd.1.5.7.dylib	e2847c4613b386683c234913ae3b7b04299254096caf7616e3b3cd9bb97a39ab	arm64
