// !$*UTF8*$!
{
	archiveVersion = 1;
	classes = {
	};
	objectVersion = 77;
	objects = {

/* Begin PBXBuildFile section */
		024B7BA0DB49D518847C569F /* NuraMacApp.swift in Sources */ = {isa = PBXBuildFile; fileRef = 5164855D5B65C4D4E0B47091 /* NuraMacApp.swift */; };
		05F4E35A0210D7A243031717 /* PlayerView.swift in Sources */ = {isa = PBXBuildFile; fileRef = D6D5FA583A78B02F836AA677 /* PlayerView.swift */; };
		21132ABCF28D052736AEEB74 /* Assets.xcassets in Resources */ = {isa = PBXBuildFile; fileRef = 6FE2A47AE5ADF946B23611A0 /* Assets.xcassets */; };
		43D4883C9BC9C43E71ABFDB3 /* RenderSurface.swift in Sources */ = {isa = PBXBuildFile; fileRef = 63A5BC1F00095D48321E4DE1 /* RenderSurface.swift */; };
		4E85D6467D81430C5A33424F /* RenderSurfaceView.swift in Sources */ = {isa = PBXBuildFile; fileRef = A24F0E5F48DB3AC6919307B8 /* RenderSurfaceView.swift */; };
		5DD48FABB6B4A013C60E53E3 /* PlayerViewModel.swift in Sources */ = {isa = PBXBuildFile; fileRef = B0CC00722A2F2EDCA7630766 /* PlayerViewModel.swift */; };
		7C98667F3F1365B0EBE3F613 /* PlayerBridge.swift in Sources */ = {isa = PBXBuildFile; fileRef = 9FA942E24C35E04BDA160156 /* PlayerBridge.swift */; };
/* End PBXBuildFile section */

/* Begin PBXFileReference section */
		4A6B25D0CE1245CFAFE4A390 /* Nura.app */ = {isa = PBXFileReference; explicitFileType = wrapper.application; includeInIndex = 0; path = Nura.app; sourceTree = BUILT_PRODUCTS_DIR; };
		5164855D5B65C4D4E0B47091 /* NuraMacApp.swift */ = {isa = PBXFileReference; lastKnownFileType = sourcecode.swift; path = NuraMacApp.swift; sourceTree = "<group>"; };
		63A5BC1F00095D48321E4DE1 /* RenderSurface.swift */ = {isa = PBXFileReference; lastKnownFileType = sourcecode.swift; path = RenderSurface.swift; sourceTree = "<group>"; };
		6FE2A47AE5ADF946B23611A0 /* Assets.xcassets */ = {isa = PBXFileReference; lastKnownFileType = folder.assetcatalog; path = Assets.xcassets; sourceTree = "<group>"; };
		9FA942E24C35E04BDA160156 /* PlayerBridge.swift */ = {isa = PBXFileReference; lastKnownFileType = sourcecode.swift; path = PlayerBridge.swift; sourceTree = "<group>"; };
		A24F0E5F48DB3AC6919307B8 /* RenderSurfaceView.swift */ = {isa = PBXFileReference; lastKnownFileType = sourcecode.swift; path = RenderSurfaceView.swift; sourceTree = "<group>"; };
		B0CC00722A2F2EDCA7630766 /* PlayerViewModel.swift */ = {isa = PBXFileReference; lastKnownFileType = sourcecode.swift; path = PlayerViewModel.swift; sourceTree = "<group>"; };
		D6D5FA583A78B02F836AA677 /* PlayerView.swift */ = {isa = PBXFileReference; lastKnownFileType = sourcecode.swift; path = PlayerView.swift; sourceTree = "<group>"; };
/* End PBXFileReference section */

/* Begin PBXGroup section */
		486DAAF646F4471D3D8B01C2 /* Sources */ = {
			isa = PBXGroup;
			children = (
				5164855D5B65C4D4E0B47091 /* NuraMacApp.swift */,
				9FA942E24C35E04BDA160156 /* PlayerBridge.swift */,
				D6D5FA583A78B02F836AA677 /* PlayerView.swift */,
				B0CC00722A2F2EDCA7630766 /* PlayerViewModel.swift */,
				63A5BC1F00095D48321E4DE1 /* RenderSurface.swift */,
				A24F0E5F48DB3AC6919307B8 /* RenderSurfaceView.swift */,
			);
			path = Sources;
			sourceTree = "<group>";
		};
		8489C3E8D2D8D2449EE65E81 /* Products */ = {
			isa = PBXGroup;
			children = (
				4A6B25D0CE1245CFAFE4A390 /* Nura.app */,
			);
			name = Products;
			sourceTree = "<group>";
		};
		C4EE2BAF72572AECC327F966 = {
			isa = PBXGroup;
			children = (
				486DAAF646F4471D3D8B01C2 /* Sources */,
				6FE2A47AE5ADF946B23611A0 /* Assets.xcassets */,
				8489C3E8D2D8D2449EE65E81 /* Products */,
			);
			sourceTree = "<group>";
		};
/* End PBXGroup section */

/* Begin PBXNativeTarget section */
		D3CF495F4F2F50F2E00528B8 /* NuraMac */ = {
			isa = PBXNativeTarget;
			buildConfigurationList = C1380EEEEBCBCB94F8DD8005 /* Build configuration list for PBXNativeTarget "NuraMac" */;
			buildPhases = (
				5145749704910AFC0D5C2138 /* Build Rust Player Core */,
				44A5A0999C1A5E700D81B75F /* Sources */,
				C3F38A9F68D5BCB549B2CE22 /* Resources */,
				D5EED79E0F8E4B3E9C79C211 /* Bundle Verified libmpv Runtime */,
			);
			buildRules = (
			);
			dependencies = (
			);
			name = NuraMac;
			packageProductDependencies = (
			);
			productName = NuraMac;
			productReference = 4A6B25D0CE1245CFAFE4A390 /* Nura.app */;
			productType = "com.apple.product-type.application";
		};
/* End PBXNativeTarget section */

/* Begin PBXProject section */
		0125037004C97888BA8EC23F /* Project object */ = {
			isa = PBXProject;
			attributes = {
				BuildIndependentTargetsInParallel = YES;
				LastUpgradeCheck = 1430;
				TargetAttributes = {
					D3CF495F4F2F50F2E00528B8 = {
						ProvisioningStyle = Automatic;
					};
				};
			};
			buildConfigurationList = 30B34925F5085D5FDD016160 /* Build configuration list for PBXProject "NuraMac" */;
			developmentRegion = en;
			hasScannedForEncodings = 0;
			knownRegions = (
				Base,
				en,
			);
			mainGroup = C4EE2BAF72572AECC327F966;
			minimizedProjectReferenceProxies = 1;
			preferredProjectObjectVersion = 77;
			productRefGroup = 8489C3E8D2D8D2449EE65E81 /* Products */;
			projectDirPath = "";
			projectRoot = "";
			targets = (
				D3CF495F4F2F50F2E00528B8 /* NuraMac */,
			);
		};
/* End PBXProject section */

/* Begin PBXResourcesBuildPhase section */
		C3F38A9F68D5BCB549B2CE22 /* Resources */ = {
			isa = PBXResourcesBuildPhase;
			buildActionMask = 2147483647;
			files = (
				21132ABCF28D052736AEEB74 /* Assets.xcassets in Resources */,
			);
			runOnlyForDeploymentPostprocessing = 0;
		};
/* End PBXResourcesBuildPhase section */

/* Begin PBXShellScriptBuildPhase section */
		5145749704910AFC0D5C2138 /* Build Rust Player Core */ = {
			isa = PBXShellScriptBuildPhase;
			alwaysOutOfDate = 1;
			buildActionMask = 2147483647;
			files = (
			);
			inputFileListPaths = (
			);
			inputPaths = (
			);
			name = "Build Rust Player Core";
			outputFileListPaths = (
			);
			outputPaths = (
			);
			runOnlyForDeploymentPostprocessing = 0;
			shellPath = /bin/sh;
			shellScript = "export PATH=\"$HOME/.cargo/bin:/opt/homebrew/bin:$PATH\"\ncd \"$SRCROOT/../..\"\nif [ \"$CONFIGURATION\" = \"Release\" ]; then\n  cargo build -p nura-ffi --release\nelse\n  cargo build -p nura-ffi\nfi\n";
		};
		D5EED79E0F8E4B3E9C79C211 /* Bundle Verified libmpv Runtime */ = {
			isa = PBXShellScriptBuildPhase;
			alwaysOutOfDate = 1;
			buildActionMask = 2147483647;
			files = (
			);
			inputFileListPaths = (
			);
			inputPaths = (
			);
			name = "Bundle Verified libmpv Runtime";
			outputFileListPaths = (
			);
			outputPaths = (
			);
			runOnlyForDeploymentPostprocessing = 0;
			shellPath = /bin/sh;
			shellScript = "if [ \"$CONFIGURATION\" = \"Release\" ]; then\n  \"$SRCROOT/../../scripts/package-libmpv-runtime.sh\" \"$TARGET_BUILD_DIR/$WRAPPER_NAME\"\nfi\n";
		};
/* End PBXShellScriptBuildPhase section */

/* Begin PBXSourcesBuildPhase section */
		44A5A0999C1A5E700D81B75F /* Sources */ = {
			isa = PBXSourcesBuildPhase;
			buildActionMask = 2147483647;
			files = (
				024B7BA0DB49D518847C569F /* NuraMacApp.swift in Sources */,
				7C98667F3F1365B0EBE3F613 /* PlayerBridge.swift in Sources */,
				05F4E35A0210D7A243031717 /* PlayerView.swift in Sources */,
				5DD48FABB6B4A013C60E53E3 /* PlayerViewModel.swift in Sources */,
				43D4883C9BC9C43E71ABFDB3 /* RenderSurface.swift in Sources */,
				4E85D6467D81430C5A33424F /* RenderSurfaceView.swift in Sources */,
			);
			runOnlyForDeploymentPostprocessing = 0;
		};
/* End PBXSourcesBuildPhase section */

/* Begin XCBuildConfiguration section */
		1239692F548BA9FA18A47E6D /* Release */ = {
			isa = XCBuildConfiguration;
			buildSettings = {
				ASSETCATALOG_COMPILER_APPICON_NAME = AppIcon;
				ASSETCATALOG_COMPILER_INCLUDE_ALL_APPICON_ASSETS = YES;
				COMBINE_HIDPI_IMAGES = YES;
				INFOPLIST_KEY_CFBundleDisplayName = Nura;
				LD_RUNPATH_SEARCH_PATHS = (
					"$(inherited)",
					"@executable_path/../Frameworks",
				);
				LIBRARY_SEARCH_PATHS = "$(NURA_RUST_LIB_DIR)";
				OTHER_LDFLAGS = (
					"-lnura_ffi",
					"-framework",
					AppKit,
					"-framework",
					OpenGL,
				);
				PRODUCT_NAME = Nura;
				SDKROOT = macosx;
				SWIFT_OBJC_BRIDGING_HEADER = "";
			};
			name = Release;
		};
		4529B6CAAFA227E5DDAEE47B /* Debug */ = {
			isa = XCBuildConfiguration;
			buildSettings = {
				ALWAYS_SEARCH_USER_PATHS = NO;
				ARCHS = arm64;
				ASSETCATALOG_COMPILER_APPICON_NAME = AppIcon;
				CLANG_ANALYZER_NONNULL = YES;
				CLANG_ANALYZER_NUMBER_OBJECT_CONVERSION = YES_AGGRESSIVE;
				CLANG_CXX_LANGUAGE_STANDARD = "gnu++14";
				CLANG_CXX_LIBRARY = "libc++";
				CLANG_ENABLE_MODULES = YES;
				CLANG_ENABLE_OBJC_ARC = YES;
				CLANG_ENABLE_OBJC_WEAK = YES;
				CLANG_WARN_BLOCK_CAPTURE_AUTORELEASING = YES;
				CLANG_WARN_BOOL_CONVERSION = YES;
				CLANG_WARN_COMMA = YES;
				CLANG_WARN_CONSTANT_CONVERSION = YES;
				CLANG_WARN_DEPRECATED_OBJC_IMPLEMENTATIONS = YES;
				CLANG_WARN_DIRECT_OBJC_ISA_USAGE = YES_ERROR;
				CLANG_WARN_DOCUMENTATION_COMMENTS = YES;
				CLANG_WARN_EMPTY_BODY = YES;
				CLANG_WARN_ENUM_CONVERSION = YES;
				CLANG_WARN_INFINITE_RECURSION = YES;
				CLANG_WARN_INT_CONVERSION = YES;
				CLANG_WARN_NON_LITERAL_NULL_CONVERSION = YES;
				CLANG_WARN_OBJC_IMPLICIT_RETAIN_SELF = YES;
				CLANG_WARN_OBJC_LITERAL_CONVERSION = YES;
				CLANG_WARN_OBJC_ROOT_CLASS = YES_ERROR;
				CLANG_WARN_QUOTED_INCLUDE_IN_FRAMEWORK_HEADER = YES;
				CLANG_WARN_RANGE_LOOP_ANALYSIS = YES;
				CLANG_WARN_STRICT_PROTOTYPES = YES;
				CLANG_WARN_SUSPICIOUS_MOVE = YES;
				CLANG_WARN_UNGUARDED_AVAILABILITY = YES_AGGRESSIVE;
				CLANG_WARN_UNREACHABLE_CODE = YES;
				CLANG_WARN__DUPLICATE_METHOD_MATCH = YES;
				CODE_SIGN_STYLE = Automatic;
				COPY_PHASE_STRIP = NO;
				CURRENT_PROJECT_VERSION = 1;
				DEBUG_INFORMATION_FORMAT = dwarf;
				ENABLE_STRICT_OBJC_MSGSEND = YES;
				ENABLE_TESTABILITY = YES;
				GCC_C_LANGUAGE_STANDARD = gnu11;
				GCC_DYNAMIC_NO_PIC = NO;
				GCC_NO_COMMON_BLOCKS = YES;
				GCC_OPTIMIZATION_LEVEL = 0;
				GCC_PREPROCESSOR_DEFINITIONS = (
					"$(inherited)",
					"DEBUG=1",
				);
				GCC_WARN_64_TO_32_BIT_CONVERSION = YES;
				GCC_WARN_ABOUT_RETURN_TYPE = YES_ERROR;
				GCC_WARN_UNDECLARED_SELECTOR = YES;
				GCC_WARN_UNINITIALIZED_AUTOS = YES_AGGRESSIVE;
				GCC_WARN_UNUSED_FUNCTION = YES;
				GCC_WARN_UNUSED_VARIABLE = YES;
				GENERATE_INFOPLIST_FILE = NO;
				INFOPLIST_FILE = Info.plist;
				MACOSX_DEPLOYMENT_TARGET = 13.0;
				MARKETING_VERSION = 0.1.0;
				MTL_ENABLE_DEBUG_INFO = INCLUDE_SOURCE;
				MTL_FAST_MATH = YES;
				NURA_RUST_LIB_DIR = "$(SRCROOT)/../../target/debug";
				ONLY_ACTIVE_ARCH = YES;
				PRODUCT_BUNDLE_IDENTIFIER = com.nura.player;
				PRODUCT_NAME = Nura;
				SDKROOT = macosx;
				SWIFT_ACTIVE_COMPILATION_CONDITIONS = DEBUG;
				SWIFT_OPTIMIZATION_LEVEL = "-Onone";
				SWIFT_VERSION = 6.0;
			};
			name = Debug;
		};
		5AF8659EBE1C755C9A6849B6 /* Debug */ = {
			isa = XCBuildConfiguration;
			buildSettings = {
				ASSETCATALOG_COMPILER_APPICON_NAME = AppIcon;
				ASSETCATALOG_COMPILER_INCLUDE_ALL_APPICON_ASSETS = YES;
				COMBINE_HIDPI_IMAGES = YES;
				INFOPLIST_KEY_CFBundleDisplayName = Nura;
				LD_RUNPATH_SEARCH_PATHS = (
					"$(inherited)",
					"@executable_path/../Frameworks",
				);
				LIBRARY_SEARCH_PATHS = "$(NURA_RUST_LIB_DIR)";
				OTHER_LDFLAGS = (
					"-lnura_ffi",
					"-framework",
					AppKit,
					"-framework",
					OpenGL,
				);
				PRODUCT_NAME = Nura;
				SDKROOT = macosx;
				SWIFT_OBJC_BRIDGING_HEADER = "";
			};
			name = Debug;
		};
		914FC1C27FD2489F8F5FCB92 /* Release */ = {
			isa = XCBuildConfiguration;
			buildSettings = {
				ALWAYS_SEARCH_USER_PATHS = NO;
				ARCHS = arm64;
				ASSETCATALOG_COMPILER_APPICON_NAME = AppIcon;
				CLANG_ANALYZER_NONNULL = YES;
				CLANG_ANALYZER_NUMBER_OBJECT_CONVERSION = YES_AGGRESSIVE;
				CLANG_CXX_LANGUAGE_STANDARD = "gnu++14";
				CLANG_CXX_LIBRARY = "libc++";
				CLANG_ENABLE_MODULES = YES;
				CLANG_ENABLE_OBJC_ARC = YES;
				CLANG_ENABLE_OBJC_WEAK = YES;
				CLANG_WARN_BLOCK_CAPTURE_AUTORELEASING = YES;
				CLANG_WARN_BOOL_CONVERSION = YES;
				CLANG_WARN_COMMA = YES;
				CLANG_WARN_CONSTANT_CONVERSION = YES;
				CLANG_WARN_DEPRECATED_OBJC_IMPLEMENTATIONS = YES;
				CLANG_WARN_DIRECT_OBJC_ISA_USAGE = YES_ERROR;
				CLANG_WARN_DOCUMENTATION_COMMENTS = YES;
				CLANG_WARN_EMPTY_BODY = YES;
				CLANG_WARN_ENUM_CONVERSION = YES;
				CLANG_WARN_INFINITE_RECURSION = YES;
				CLANG_WARN_INT_CONVERSION = YES;
				CLANG_WARN_NON_LITERAL_NULL_CONVERSION = YES;
				CLANG_WARN_OBJC_IMPLICIT_RETAIN_SELF = YES;
				CLANG_WARN_OBJC_LITERAL_CONVERSION = YES;
				CLANG_WARN_OBJC_ROOT_CLASS = YES_ERROR;
				CLANG_WARN_QUOTED_INCLUDE_IN_FRAMEWORK_HEADER = YES;
				CLANG_WARN_RANGE_LOOP_ANALYSIS = YES;
				CLANG_WARN_STRICT_PROTOTYPES = YES;
				CLANG_WARN_SUSPICIOUS_MOVE = YES;
				CLANG_WARN_UNGUARDED_AVAILABILITY = YES_AGGRESSIVE;
				CLANG_WARN_UNREACHABLE_CODE = YES;
				CLANG_WARN__DUPLICATE_METHOD_MATCH = YES;
				CODE_SIGN_STYLE = Automatic;
				COPY_PHASE_STRIP = NO;
				CURRENT_PROJECT_VERSION = 1;
				DEBUG_INFORMATION_FORMAT = "dwarf-with-dsym";
				ENABLE_NS_ASSERTIONS = NO;
				ENABLE_STRICT_OBJC_MSGSEND = YES;
				GCC_C_LANGUAGE_STANDARD = gnu11;
				GCC_NO_COMMON_BLOCKS = YES;
				GCC_WARN_64_TO_32_BIT_CONVERSION = YES;
				GCC_WARN_ABOUT_RETURN_TYPE = YES_ERROR;
				GCC_WARN_UNDECLARED_SELECTOR = YES;
				GCC_WARN_UNINITIALIZED_AUTOS = YES_AGGRESSIVE;
				GCC_WARN_UNUSED_FUNCTION = YES;
				GCC_WARN_UNUSED_VARIABLE = YES;
				GENERATE_INFOPLIST_FILE = NO;
				INFOPLIST_FILE = Info.plist;
				MACOSX_DEPLOYMENT_TARGET = 13.0;
				MARKETING_VERSION = 0.1.0;
				MTL_ENABLE_DEBUG_INFO = NO;
				MTL_FAST_MATH = YES;
				NURA_RUST_LIB_DIR = "$(SRCROOT)/../../target/release";
				PRODUCT_BUNDLE_IDENTIFIER = com.nura.player;
				PRODUCT_NAME = Nura;
				SDKROOT = macosx;
				SWIFT_COMPILATION_MODE = wholemodule;
				SWIFT_OPTIMIZATION_LEVEL = "-O";
				SWIFT_VERSION = 6.0;
			};
			name = Release;
		};
/* End XCBuildConfiguration section */

/* Begin XCConfigurationList section */
		30B34925F5085D5FDD016160 /* Build configuration list for PBXProject "NuraMac" */ = {
			isa = XCConfigurationList;
			buildConfigurations = (
				4529B6CAAFA227E5DDAEE47B /* Debug */,
				914FC1C27FD2489F8F5FCB92 /* Release */,
			);
			defaultConfigurationIsVisible = 0;
			defaultConfigurationName = Debug;
		};
		C1380EEEEBCBCB94F8DD8005 /* Build configuration list for PBXNativeTarget "NuraMac" */ = {
			isa = XCConfigurationList;
			buildConfigurations = (
				5AF8659EBE1C755C9A6849B6 /* Debug */,
				1239692F548BA9FA18A47E6D /* Release */,
			);
			defaultConfigurationIsVisible = 0;
			defaultConfigurationName = Debug;
		};
/* End XCConfigurationList section */
	};
	rootObject = 0125037004C97888BA8EC23F /* Project object */;
}
