// !$*UTF8*$!
{
	archiveVersion = 1;
	classes = {
	};
	objectVersion = 77;
	objects = {

/* Begin PBXBuildFile section */
		003E78B309BEA210258C2D24 /* OpenSubtitlesClient.swift in Sources */ = {isa = PBXBuildFile; fileRef = F0DD9BFECAD4FEDE1BCDAE44 /* OpenSubtitlesClient.swift */; };
		013EA36D52DC00A2B7CFBAAB /* PlayerLaunchConfiguration.swift in Sources */ = {isa = PBXBuildFile; fileRef = 98F87899E866B5D65C21CB6E /* PlayerLaunchConfiguration.swift */; };
		0A5897924773E9CA3E09DE64 /* PlayerWindowManager.swift in Sources */ = {isa = PBXBuildFile; fileRef = AFF262B2A9220C9D497EAA89 /* PlayerWindowManager.swift */; };
		0D31239406E9AD9DBEC50F3F /* EmbeddedSubtitleExtractor.swift in Sources */ = {isa = PBXBuildFile; fileRef = A1F99EC31CF8215C810A5EBD /* EmbeddedSubtitleExtractor.swift */; };
		21132ABCF28D052736AEEB74 /* Assets.xcassets in Resources */ = {isa = PBXBuildFile; fileRef = 6FE2A47AE5ADF946B23611A0 /* Assets.xcassets */; };
		2DAD40262158B4F3F798D544 /* Localizable.xcstrings in Resources */ = {isa = PBXBuildFile; fileRef = CC7FCC3AA321E879F5D0A8E7 /* Localizable.xcstrings */; };
		319AAF741A42F5F0EC0EC89A /* TranscriptHTTPClient.swift in Sources */ = {isa = PBXBuildFile; fileRef = 2157ED26A980F860966DB053 /* TranscriptHTTPClient.swift */; };
		3B6C0A36B526D32A40BE7FDC /* OSDMessageTests.swift in Sources */ = {isa = PBXBuildFile; fileRef = 4D7FE4DC1C812A07D99779FC /* OSDMessageTests.swift */; };
		3E4D4533D02D63658708B829 /* TranscriptHTTPClientTests.swift in Sources */ = {isa = PBXBuildFile; fileRef = 057E09F47815CBCBAB1E08C8 /* TranscriptHTTPClientTests.swift */; };
		3F556D62083484005E326B2B /* NuraSettings.swift in Sources */ = {isa = PBXBuildFile; fileRef = 70308E586FB13FB3603AB2AD /* NuraSettings.swift */; };
		55F81B2CAE3EE8D4F4990057 /* NuraMacUITests.swift in Sources */ = {isa = PBXBuildFile; fileRef = 46A2FAAD67499D7F12EC0CFF /* NuraMacUITests.swift */; };
		5FB913A3ECE22D4E611739BD /* AudioChunkExporterTests.swift in Sources */ = {isa = PBXBuildFile; fileRef = C090FF4F2429F20BDF3893E4 /* AudioChunkExporterTests.swift */; };
		6747C548BE0553903A179F0A /* NuraLocalizer.swift in Sources */ = {isa = PBXBuildFile; fileRef = F3BC8EDE03B99C79F095EE11 /* NuraLocalizer.swift */; };
		6BF5684A5235BC310C90AD73 /* OSDMessage.swift in Sources */ = {isa = PBXBuildFile; fileRef = B239C4554E51CB88C9DC695A /* OSDMessage.swift */; };
		7FC639C062C129DF1CDF48A1 /* RenderSurface.swift in Sources */ = {isa = PBXBuildFile; fileRef = CF882E0180B39301B5FF003D /* RenderSurface.swift */; };
		A1061F0FFD272FDAE8757F38 /* PlayerViewModel.swift in Sources */ = {isa = PBXBuildFile; fileRef = 7C0E7EE0BD87AE981BF084DB /* PlayerViewModel.swift */; };
		A158A0562D66EF6E4E17FB3E /* SubtitleParser.swift in Sources */ = {isa = PBXBuildFile; fileRef = B51935329365E2AC6DC86FB4 /* SubtitleParser.swift */; };
		A465C3CF592BDB14C22B6F39 /* PlayerViewModelTests.swift in Sources */ = {isa = PBXBuildFile; fileRef = 770C0B1F09BD9113C0A2215A /* PlayerViewModelTests.swift */; };
		AF1A5E0E20BF44C7BDD2D587 /* NuraMacApp.swift in Sources */ = {isa = PBXBuildFile; fileRef = 199A7192A95DCDA4378C0E52 /* NuraMacApp.swift */; };
		B710B9CA9B4BB7D3F6F36FC9 /* EmptyWelcomeView.swift in Sources */ = {isa = PBXBuildFile; fileRef = 7F3274F1FE9ACE4CB7939B5B /* EmptyWelcomeView.swift */; };
		B895607E3A9D2CD843EC4E6F /* SeekPreviewSlider.swift in Sources */ = {isa = PBXBuildFile; fileRef = BA2093247D7C01D629FAAC77 /* SeekPreviewSlider.swift */; };
		BA64AA9936B97E5A740B5C7E /* NuraSettingsView.swift in Sources */ = {isa = PBXBuildFile; fileRef = 61C8EC81E8DF22C4A38C78F9 /* NuraSettingsView.swift */; };
		CBFD3C28CE1E1D99AE18AD9F /* PlayerView.swift in Sources */ = {isa = PBXBuildFile; fileRef = F4350C9311AA4694369C5206 /* PlayerView.swift */; };
		CF861C48582DB3BB67C173E2 /* PlayerBridge.swift in Sources */ = {isa = PBXBuildFile; fileRef = 230B38DD34A9630AF45AC37A /* PlayerBridge.swift */; };
		D01A6ED98C3B7575030FD5A8 /* NowPlayingCoordinator.swift in Sources */ = {isa = PBXBuildFile; fileRef = 5B01621F7A02B939DD810C91 /* NowPlayingCoordinator.swift */; };
		D6B5D0B7190E0631DD01E4A8 /* SubtitleParserTests.swift in Sources */ = {isa = PBXBuildFile; fileRef = 61512590286BB670609299A7 /* SubtitleParserTests.swift */; };
		E0BC0492A01CFFE12BE950AF /* AudioChunkExporter.swift in Sources */ = {isa = PBXBuildFile; fileRef = 08DF8B7EE9F71F6BF4D126AC /* AudioChunkExporter.swift */; };
		EA635E1A1E4C03294D371AFB /* SeekThumbnailGenerator.swift in Sources */ = {isa = PBXBuildFile; fileRef = E631677309F1F18300EAD854 /* SeekThumbnailGenerator.swift */; };
		F2362AA96EF4BA2F4ED9B197 /* MediaFixtureServer.swift in Sources */ = {isa = PBXBuildFile; fileRef = 5E8065A71B130F67FC26C63C /* MediaFixtureServer.swift */; };
		F2B68AF262EB7376B7D76A2E /* TranscriptModels.swift in Sources */ = {isa = PBXBuildFile; fileRef = DC0A9C10AD2933BD23F4E578 /* TranscriptModels.swift */; };
		F5F80E2C6D0655F032DF0F1B /* RenderSurfaceView.swift in Sources */ = {isa = PBXBuildFile; fileRef = 250C6601B4480D1939C72A75 /* RenderSurfaceView.swift */; };
/* End PBXBuildFile section */

/* Begin PBXContainerItemProxy section */
		A5DB0F66BA1C81488649046F /* PBXContainerItemProxy */ = {
			isa = PBXContainerItemProxy;
			containerPortal = 0125037004C97888BA8EC23F /* Project object */;
			proxyType = 1;
			remoteGlobalIDString = D3CF495F4F2F50F2E00528B8;
			remoteInfo = NuraMac;
		};
		AD2172F40EBC025AA333BFF4 /* PBXContainerItemProxy */ = {
			isa = PBXContainerItemProxy;
			containerPortal = 0125037004C97888BA8EC23F /* Project object */;
			proxyType = 1;
			remoteGlobalIDString = D3CF495F4F2F50F2E00528B8;
			remoteInfo = NuraMac;
		};
/* End PBXContainerItemProxy section */

/* Begin PBXFileReference section */
		057E09F47815CBCBAB1E08C8 /* TranscriptHTTPClientTests.swift */ = {isa = PBXFileReference; lastKnownFileType = sourcecode.swift; path = TranscriptHTTPClientTests.swift; sourceTree = "<group>"; };
		08DF8B7EE9F71F6BF4D126AC /* AudioChunkExporter.swift */ = {isa = PBXFileReference; lastKnownFileType = sourcecode.swift; path = AudioChunkExporter.swift; sourceTree = "<group>"; };
		199A7192A95DCDA4378C0E52 /* NuraMacApp.swift */ = {isa = PBXFileReference; lastKnownFileType = sourcecode.swift; path = NuraMacApp.swift; sourceTree = "<group>"; };
		2157ED26A980F860966DB053 /* TranscriptHTTPClient.swift */ = {isa = PBXFileReference; lastKnownFileType = sourcecode.swift; path = TranscriptHTTPClient.swift; sourceTree = "<group>"; };
		230B38DD34A9630AF45AC37A /* PlayerBridge.swift */ = {isa = PBXFileReference; lastKnownFileType = sourcecode.swift; path = PlayerBridge.swift; sourceTree = "<group>"; };
		250C6601B4480D1939C72A75 /* RenderSurfaceView.swift */ = {isa = PBXFileReference; lastKnownFileType = sourcecode.swift; path = RenderSurfaceView.swift; sourceTree = "<group>"; };
		46A2FAAD67499D7F12EC0CFF /* NuraMacUITests.swift */ = {isa = PBXFileReference; lastKnownFileType = sourcecode.swift; path = NuraMacUITests.swift; sourceTree = "<group>"; };
		4A6B25D0CE1245CFAFE4A390 /* NuraMac.app */ = {isa = PBXFileReference; explicitFileType = wrapper.application; includeInIndex = 0; path = NuraMac.app; sourceTree = BUILT_PRODUCTS_DIR; };
		4D7FE4DC1C812A07D99779FC /* OSDMessageTests.swift */ = {isa = PBXFileReference; lastKnownFileType = sourcecode.swift; path = OSDMessageTests.swift; sourceTree = "<group>"; };
		4EA3F9991C17BF1DD138A10E /* NuraMacTests.xctest */ = {isa = PBXFileReference; explicitFileType = wrapper.cfbundle; includeInIndex = 0; path = NuraMacTests.xctest; sourceTree = BUILT_PRODUCTS_DIR; };
		5B01621F7A02B939DD810C91 /* NowPlayingCoordinator.swift */ = {isa = PBXFileReference; lastKnownFileType = sourcecode.swift; path = NowPlayingCoordinator.swift; sourceTree = "<group>"; };
		5E8065A71B130F67FC26C63C /* MediaFixtureServer.swift */ = {isa = PBXFileReference; lastKnownFileType = sourcecode.swift; path = MediaFixtureServer.swift; sourceTree = "<group>"; };
		61512590286BB670609299A7 /* SubtitleParserTests.swift */ = {isa = PBXFileReference; lastKnownFileType = sourcecode.swift; path = SubtitleParserTests.swift; sourceTree = "<group>"; };
		61C8EC81E8DF22C4A38C78F9 /* NuraSettingsView.swift */ = {isa = PBXFileReference; lastKnownFileType = sourcecode.swift; path = NuraSettingsView.swift; sourceTree = "<group>"; };
		6A9CD6C77A742F3A33A77F12 /* NuraMacUITests.xctest */ = {isa = PBXFileReference; explicitFileType = wrapper.cfbundle; includeInIndex = 0; path = NuraMacUITests.xctest; sourceTree = BUILT_PRODUCTS_DIR; };
		6FE2A47AE5ADF946B23611A0 /* Assets.xcassets */ = {isa = PBXFileReference; lastKnownFileType = folder.assetcatalog; path = Assets.xcassets; sourceTree = "<group>"; };
		70308E586FB13FB3603AB2AD /* NuraSettings.swift */ = {isa = PBXFileReference; lastKnownFileType = sourcecode.swift; path = NuraSettings.swift; sourceTree = "<group>"; };
		770C0B1F09BD9113C0A2215A /* PlayerViewModelTests.swift */ = {isa = PBXFileReference; lastKnownFileType = sourcecode.swift; path = PlayerViewModelTests.swift; sourceTree = "<group>"; };
		7C0E7EE0BD87AE981BF084DB /* PlayerViewModel.swift */ = {isa = PBXFileReference; lastKnownFileType = sourcecode.swift; path = PlayerViewModel.swift; sourceTree = "<group>"; };
		7F3274F1FE9ACE4CB7939B5B /* EmptyWelcomeView.swift */ = {isa = PBXFileReference; lastKnownFileType = sourcecode.swift; path = EmptyWelcomeView.swift; sourceTree = "<group>"; };
		98F87899E866B5D65C21CB6E /* PlayerLaunchConfiguration.swift */ = {isa = PBXFileReference; lastKnownFileType = sourcecode.swift; path = PlayerLaunchConfiguration.swift; sourceTree = "<group>"; };
		A1F99EC31CF8215C810A5EBD /* EmbeddedSubtitleExtractor.swift */ = {isa = PBXFileReference; lastKnownFileType = sourcecode.swift; path = EmbeddedSubtitleExtractor.swift; sourceTree = "<group>"; };
		AFF262B2A9220C9D497EAA89 /* PlayerWindowManager.swift */ = {isa = PBXFileReference; lastKnownFileType = sourcecode.swift; path = PlayerWindowManager.swift; sourceTree = "<group>"; };
		B239C4554E51CB88C9DC695A /* OSDMessage.swift */ = {isa = PBXFileReference; lastKnownFileType = sourcecode.swift; path = OSDMessage.swift; sourceTree = "<group>"; };
		B51935329365E2AC6DC86FB4 /* SubtitleParser.swift */ = {isa = PBXFileReference; lastKnownFileType = sourcecode.swift; path = SubtitleParser.swift; sourceTree = "<group>"; };
		BA2093247D7C01D629FAAC77 /* SeekPreviewSlider.swift */ = {isa = PBXFileReference; lastKnownFileType = sourcecode.swift; path = SeekPreviewSlider.swift; sourceTree = "<group>"; };
		C090FF4F2429F20BDF3893E4 /* AudioChunkExporterTests.swift */ = {isa = PBXFileReference; lastKnownFileType = sourcecode.swift; path = AudioChunkExporterTests.swift; sourceTree = "<group>"; };
		CC7FCC3AA321E879F5D0A8E7 /* Localizable.xcstrings */ = {isa = PBXFileReference; lastKnownFileType = text.json.xcstrings; path = Localizable.xcstrings; sourceTree = "<group>"; };
		CF882E0180B39301B5FF003D /* RenderSurface.swift */ = {isa = PBXFileReference; lastKnownFileType = sourcecode.swift; path = RenderSurface.swift; sourceTree = "<group>"; };
		DC0A9C10AD2933BD23F4E578 /* TranscriptModels.swift */ = {isa = PBXFileReference; lastKnownFileType = sourcecode.swift; path = TranscriptModels.swift; sourceTree = "<group>"; };
		E631677309F1F18300EAD854 /* SeekThumbnailGenerator.swift */ = {isa = PBXFileReference; lastKnownFileType = sourcecode.swift; path = SeekThumbnailGenerator.swift; sourceTree = "<group>"; };
		F0DD9BFECAD4FEDE1BCDAE44 /* OpenSubtitlesClient.swift */ = {isa = PBXFileReference; lastKnownFileType = sourcecode.swift; path = OpenSubtitlesClient.swift; sourceTree = "<group>"; };
		F3BC8EDE03B99C79F095EE11 /* NuraLocalizer.swift */ = {isa = PBXFileReference; lastKnownFileType = sourcecode.swift; path = NuraLocalizer.swift; sourceTree = "<group>"; };
		F4350C9311AA4694369C5206 /* PlayerView.swift */ = {isa = PBXFileReference; lastKnownFileType = sourcecode.swift; path = PlayerView.swift; sourceTree = "<group>"; };
/* End PBXFileReference section */

/* Begin PBXGroup section */
		28AD2AD53CD06EF6070DC6BE /* UI */ = {
			isa = PBXGroup;
			children = (
				7F3274F1FE9ACE4CB7939B5B /* EmptyWelcomeView.swift */,
				B239C4554E51CB88C9DC695A /* OSDMessage.swift */,
				F4350C9311AA4694369C5206 /* PlayerView.swift */,
				CF882E0180B39301B5FF003D /* RenderSurface.swift */,
				250C6601B4480D1939C72A75 /* RenderSurfaceView.swift */,
				BA2093247D7C01D629FAAC77 /* SeekPreviewSlider.swift */,
			);
			path = UI;
			sourceTree = "<group>";
		};
		486DAAF646F4471D3D8B01C2 /* Sources */ = {
			isa = PBXGroup;
			children = (
				512B900523E9DD0BDCC916EA /* Application */,
				98D926B962AE2D31984C5C27 /* Media */,
				934B791463E2FDC2E3A4DC94 /* Player */,
				92D32626694B9332B0B4D4E4 /* Settings */,
				5C919CE54A34226128C7C21F /* Support */,
				E25EC96DD1216819EA82FC86 /* Transcript */,
				28AD2AD53CD06EF6070DC6BE /* UI */,
			);
			path = Sources;
			sourceTree = "<group>";
		};
		4EB4A60FBE02C040923E6601 /* UITests */ = {
			isa = PBXGroup;
			children = (
				5E8065A71B130F67FC26C63C /* MediaFixtureServer.swift */,
				46A2FAAD67499D7F12EC0CFF /* NuraMacUITests.swift */,
			);
			path = UITests;
			sourceTree = "<group>";
		};
		512B900523E9DD0BDCC916EA /* Application */ = {
			isa = PBXGroup;
			children = (
				199A7192A95DCDA4378C0E52 /* NuraMacApp.swift */,
				98F87899E866B5D65C21CB6E /* PlayerLaunchConfiguration.swift */,
				AFF262B2A9220C9D497EAA89 /* PlayerWindowManager.swift */,
			);
			path = Application;
			sourceTree = "<group>";
		};
		5C919CE54A34226128C7C21F /* Support */ = {
			isa = PBXGroup;
			children = (
				F3BC8EDE03B99C79F095EE11 /* NuraLocalizer.swift */,
			);
			path = Support;
			sourceTree = "<group>";
		};
		8489C3E8D2D8D2449EE65E81 /* Products */ = {
			isa = PBXGroup;
			children = (
				4A6B25D0CE1245CFAFE4A390 /* NuraMac.app */,
				4EA3F9991C17BF1DD138A10E /* NuraMacTests.xctest */,
				6A9CD6C77A742F3A33A77F12 /* NuraMacUITests.xctest */,
			);
			name = Products;
			sourceTree = "<group>";
		};
		92D32626694B9332B0B4D4E4 /* Settings */ = {
			isa = PBXGroup;
			children = (
				70308E586FB13FB3603AB2AD /* NuraSettings.swift */,
				61C8EC81E8DF22C4A38C78F9 /* NuraSettingsView.swift */,
			);
			path = Settings;
			sourceTree = "<group>";
		};
		934B791463E2FDC2E3A4DC94 /* Player */ = {
			isa = PBXGroup;
			children = (
				5B01621F7A02B939DD810C91 /* NowPlayingCoordinator.swift */,
				230B38DD34A9630AF45AC37A /* PlayerBridge.swift */,
				7C0E7EE0BD87AE981BF084DB /* PlayerViewModel.swift */,
			);
			path = Player;
			sourceTree = "<group>";
		};
		98D926B962AE2D31984C5C27 /* Media */ = {
			isa = PBXGroup;
			children = (
				08DF8B7EE9F71F6BF4D126AC /* AudioChunkExporter.swift */,
				A1F99EC31CF8215C810A5EBD /* EmbeddedSubtitleExtractor.swift */,
				F0DD9BFECAD4FEDE1BCDAE44 /* OpenSubtitlesClient.swift */,
				E631677309F1F18300EAD854 /* SeekThumbnailGenerator.swift */,
				B51935329365E2AC6DC86FB4 /* SubtitleParser.swift */,
			);
			path = Media;
			sourceTree = "<group>";
		};
		BBF9E8D9B93F71E064E354FC /* Resources */ = {
			isa = PBXGroup;
			children = (
				CC7FCC3AA321E879F5D0A8E7 /* Localizable.xcstrings */,
			);
			path = Resources;
			sourceTree = "<group>";
		};
		C1D7523FC60227CCB0F8CD89 /* Tests */ = {
			isa = PBXGroup;
			children = (
				C090FF4F2429F20BDF3893E4 /* AudioChunkExporterTests.swift */,
				4D7FE4DC1C812A07D99779FC /* OSDMessageTests.swift */,
				770C0B1F09BD9113C0A2215A /* PlayerViewModelTests.swift */,
				61512590286BB670609299A7 /* SubtitleParserTests.swift */,
				057E09F47815CBCBAB1E08C8 /* TranscriptHTTPClientTests.swift */,
			);
			path = Tests;
			sourceTree = "<group>";
		};
		C4EE2BAF72572AECC327F966 = {
			isa = PBXGroup;
			children = (
				BBF9E8D9B93F71E064E354FC /* Resources */,
				486DAAF646F4471D3D8B01C2 /* Sources */,
				C1D7523FC60227CCB0F8CD89 /* Tests */,
				4EB4A60FBE02C040923E6601 /* UITests */,
				6FE2A47AE5ADF946B23611A0 /* Assets.xcassets */,
				8489C3E8D2D8D2449EE65E81 /* Products */,
			);
			sourceTree = "<group>";
		};
		E25EC96DD1216819EA82FC86 /* Transcript */ = {
			isa = PBXGroup;
			children = (
				2157ED26A980F860966DB053 /* TranscriptHTTPClient.swift */,
				DC0A9C10AD2933BD23F4E578 /* TranscriptModels.swift */,
			);
			path = Transcript;
			sourceTree = "<group>";
		};
/* End PBXGroup section */

/* Begin PBXNativeTarget section */
		157BDAAFE45B875056D5A3AB /* NuraMacTests */ = {
			isa = PBXNativeTarget;
			buildConfigurationList = 7A4AE487080B36BA2190934E /* Build configuration list for PBXNativeTarget "NuraMacTests" */;
			buildPhases = (
				4722129EB443EE2F0E82605F /* Sources */,
			);
			buildRules = (
			);
			dependencies = (
				9EFE55ABF6D8F00B771C8849 /* PBXTargetDependency */,
			);
			name = NuraMacTests;
			packageProductDependencies = (
			);
			productName = NuraMacTests;
			productReference = 4EA3F9991C17BF1DD138A10E /* NuraMacTests.xctest */;
			productType = "com.apple.product-type.bundle.unit-test";
		};
		ADA3BBC7A9933CFC675656AD /* NuraMacUITests */ = {
			isa = PBXNativeTarget;
			buildConfigurationList = 43CE72E375AAB73FBE3953EC /* Build configuration list for PBXNativeTarget "NuraMacUITests" */;
			buildPhases = (
				E3ECB03A8D5E507D8ADEC124 /* Sources */,
			);
			buildRules = (
			);
			dependencies = (
				2543F5C3B690AE3FFF47BB88 /* PBXTargetDependency */,
			);
			name = NuraMacUITests;
			packageProductDependencies = (
			);
			productName = NuraMacUITests;
			productReference = 6A9CD6C77A742F3A33A77F12 /* NuraMacUITests.xctest */;
			productType = "com.apple.product-type.bundle.ui-testing";
		};
		D3CF495F4F2F50F2E00528B8 /* NuraMac */ = {
			isa = PBXNativeTarget;
			buildConfigurationList = C1380EEEEBCBCB94F8DD8005 /* Build configuration list for PBXNativeTarget "NuraMac" */;
			buildPhases = (
				5145749704910AFC0D5C2138 /* Build Rust Player Core */,
				44A5A0999C1A5E700D81B75F /* Sources */,
				C3F38A9F68D5BCB549B2CE22 /* Resources */,
				64BCF5F2CC5FE2616C0DF27B /* Bundle Verified libmpv Runtime */,
			);
			buildRules = (
			);
			dependencies = (
			);
			name = NuraMac;
			packageProductDependencies = (
			);
			productName = NuraMac;
			productReference = 4A6B25D0CE1245CFAFE4A390 /* NuraMac.app */;
			productType = "com.apple.product-type.application";
		};
/* End PBXNativeTarget section */

/* Begin PBXProject section */
		0125037004C97888BA8EC23F /* Project object */ = {
			isa = PBXProject;
			attributes = {
				BuildIndependentTargetsInParallel = YES;
				LastUpgradeCheck = 1430;
				TargetAttributes = {
					157BDAAFE45B875056D5A3AB = {
						ProvisioningStyle = Automatic;
					};
					ADA3BBC7A9933CFC675656AD = {
						ProvisioningStyle = Automatic;
						TestTargetID = D3CF495F4F2F50F2E00528B8;
					};
					D3CF495F4F2F50F2E00528B8 = {
						ProvisioningStyle = Automatic;
					};
				};
			};
			buildConfigurationList = 30B34925F5085D5FDD016160 /* Build configuration list for PBXProject "NuraMac" */;
			developmentRegion = en;
			hasScannedForEncodings = 0;
			knownRegions = (
				Base,
				en,
				"zh-Hans",
			);
			mainGroup = C4EE2BAF72572AECC327F966;
			minimizedProjectReferenceProxies = 1;
			preferredProjectObjectVersion = 77;
			productRefGroup = 8489C3E8D2D8D2449EE65E81 /* Products */;
			projectDirPath = "";
			projectRoot = "";
			targets = (
				D3CF495F4F2F50F2E00528B8 /* NuraMac */,
				ADA3BBC7A9933CFC675656AD /* NuraMacUITests */,
				157BDAAFE45B875056D5A3AB /* NuraMacTests */,
			);
		};
/* End PBXProject section */

/* Begin PBXResourcesBuildPhase section */
		C3F38A9F68D5BCB549B2CE22 /* Resources */ = {
			isa = PBXResourcesBuildPhase;
			buildActionMask = 2147483647;
			files = (
				21132ABCF28D052736AEEB74 /* Assets.xcassets in Resources */,
				2DAD40262158B4F3F798D544 /* Localizable.xcstrings in Resources */,
			);
			runOnlyForDeploymentPostprocessing = 0;
		};
/* End PBXResourcesBuildPhase section */

/* Begin PBXShellScriptBuildPhase section */
		5145749704910AFC0D5C2138 /* Build Rust Player Core */ = {
			isa = PBXShellScriptBuildPhase;
			alwaysOutOfDate = 1;
			buildActionMask = 2147483647;
			files = (
			);
			inputFileListPaths = (
			);
			inputPaths = (
			);
			name = "Build Rust Player Core";
			outputFileListPaths = (
			);
			outputPaths = (
			);
			runOnlyForDeploymentPostprocessing = 0;
			shellPath = /bin/sh;
			shellScript = "export PATH=\"$HOME/.cargo/bin:/opt/homebrew/bin:$PATH\"\ncd \"$SRCROOT/../..\"\nif [ \"$CONFIGURATION\" = \"Release\" ]; then\n  cargo build -p nura-ffi --release\nelse\n  cargo build -p nura-ffi\nfi\n";
		};
		64BCF5F2CC5FE2616C0DF27B /* Bundle Verified libmpv Runtime */ = {
			isa = PBXShellScriptBuildPhase;
			alwaysOutOfDate = 1;
			buildActionMask = 2147483647;
			files = (
			);
			inputFileListPaths = (
			);
			inputPaths = (
			);
			name = "Bundle Verified libmpv Runtime";
			outputFileListPaths = (
			);
			outputPaths = (
			);
			runOnlyForDeploymentPostprocessing = 0;
			shellPath = /bin/sh;
			shellScript = "if [ \"$CONFIGURATION\" = \"Release\" ]; then\n  \"$SRCROOT/../../scripts/package-libmpv-runtime.sh\" \"$TARGET_BUILD_DIR/$WRAPPER_NAME\"\nfi\n";
		};
/* End PBXShellScriptBuildPhase section */

/* Begin PBXSourcesBuildPhase section */
		44A5A0999C1A5E700D81B75F /* Sources */ = {
			isa = PBXSourcesBuildPhase;
			buildActionMask = 2147483647;
			files = (
				E0BC0492A01CFFE12BE950AF /* AudioChunkExporter.swift in Sources */,
				0D31239406E9AD9DBEC50F3F /* EmbeddedSubtitleExtractor.swift in Sources */,
				B710B9CA9B4BB7D3F6F36FC9 /* EmptyWelcomeView.swift in Sources */,
				D01A6ED98C3B7575030FD5A8 /* NowPlayingCoordinator.swift in Sources */,
				6747C548BE0553903A179F0A /* NuraLocalizer.swift in Sources */,
				AF1A5E0E20BF44C7BDD2D587 /* NuraMacApp.swift in Sources */,
				3F556D62083484005E326B2B /* NuraSettings.swift in Sources */,
				BA64AA9936B97E5A740B5C7E /* NuraSettingsView.swift in Sources */,
				6BF5684A5235BC310C90AD73 /* OSDMessage.swift in Sources */,
				003E78B309BEA210258C2D24 /* OpenSubtitlesClient.swift in Sources */,
				CF861C48582DB3BB67C173E2 /* PlayerBridge.swift in Sources */,
				013EA36D52DC00A2B7CFBAAB /* PlayerLaunchConfiguration.swift in Sources */,
				CBFD3C28CE1E1D99AE18AD9F /* PlayerView.swift in Sources */,
				A1061F0FFD272FDAE8757F38 /* PlayerViewModel.swift in Sources */,
				0A5897924773E9CA3E09DE64 /* PlayerWindowManager.swift in Sources */,
				7FC639C062C129DF1CDF48A1 /* RenderSurface.swift in Sources */,
				F5F80E2C6D0655F032DF0F1B /* RenderSurfaceView.swift in Sources */,
				B895607E3A9D2CD843EC4E6F /* SeekPreviewSlider.swift in Sources */,
				EA635E1A1E4C03294D371AFB /* SeekThumbnailGenerator.swift in Sources */,
				A158A0562D66EF6E4E17FB3E /* SubtitleParser.swift in Sources */,
				319AAF741A42F5F0EC0EC89A /* TranscriptHTTPClient.swift in Sources */,
				F2B68AF262EB7376B7D76A2E /* TranscriptModels.swift in Sources */,
			);
			runOnlyForDeploymentPostprocessing = 0;
		};
		4722129EB443EE2F0E82605F /* Sources */ = {
			isa = PBXSourcesBuildPhase;
			buildActionMask = 2147483647;
			files = (
				5FB913A3ECE22D4E611739BD /* AudioChunkExporterTests.swift in Sources */,
				3B6C0A36B526D32A40BE7FDC /* OSDMessageTests.swift in Sources */,
				A465C3CF592BDB14C22B6F39 /* PlayerViewModelTests.swift in Sources */,
				D6B5D0B7190E0631DD01E4A8 /* SubtitleParserTests.swift in Sources */,
				3E4D4533D02D63658708B829 /* TranscriptHTTPClientTests.swift in Sources */,
			);
			runOnlyForDeploymentPostprocessing = 0;
		};
		E3ECB03A8D5E507D8ADEC124 /* Sources */ = {
			isa = PBXSourcesBuildPhase;
			buildActionMask = 2147483647;
			files = (
				F2362AA96EF4BA2F4ED9B197 /* MediaFixtureServer.swift in Sources */,
				55F81B2CAE3EE8D4F4990057 /* NuraMacUITests.swift in Sources */,
			);
			runOnlyForDeploymentPostprocessing = 0;
		};
/* End PBXSourcesBuildPhase section */

/* Begin PBXTargetDependency section */
		2543F5C3B690AE3FFF47BB88 /* PBXTargetDependency */ = {
			isa = PBXTargetDependency;
			target = D3CF495F4F2F50F2E00528B8 /* NuraMac */;
			targetProxy = A5DB0F66BA1C81488649046F /* PBXContainerItemProxy */;
		};
		9EFE55ABF6D8F00B771C8849 /* PBXTargetDependency */ = {
			isa = PBXTargetDependency;
			target = D3CF495F4F2F50F2E00528B8 /* NuraMac */;
			targetProxy = AD2172F40EBC025AA333BFF4 /* PBXContainerItemProxy */;
		};
/* End PBXTargetDependency section */

/* Begin XCBuildConfiguration section */
		1239692F548BA9FA18A47E6D /* Release */ = {
			isa = XCBuildConfiguration;
			buildSettings = {
				ASSETCATALOG_COMPILER_APPICON_NAME = AppIcon;
				COMBINE_HIDPI_IMAGES = YES;
				INFOPLIST_KEY_CFBundleDisplayName = Nura;
				LD_RUNPATH_SEARCH_PATHS = (
					"$(inherited)",
					"@executable_path/../Frameworks",
				);
				LIBRARY_SEARCH_PATHS = (
					"$(NURA_RUST_LIB_DIR)",
				);
				OTHER_LDFLAGS = (
					"-lnura_ffi",
					"-framework",
					AppKit,
					"-framework",
					OpenGL,
					"-framework",
					Security,
					"-framework",
					MediaPlayer,
					"-framework",
					AVFoundation,
				);
				PRODUCT_NAME = Nura;
				SDKROOT = macosx;
				SWIFT_OBJC_BRIDGING_HEADER = "";
			};
			name = Release;
		};
		4529B6CAAFA227E5DDAEE47B /* Debug */ = {
			isa = XCBuildConfiguration;
			buildSettings = {
				ALWAYS_SEARCH_USER_PATHS = NO;
				ARCHS = arm64;
				ASSETCATALOG_COMPILER_APPICON_NAME = AppIcon;
				CLANG_ANALYZER_NONNULL = YES;
				CLANG_ANALYZER_NUMBER_OBJECT_CONVERSION = YES_AGGRESSIVE;
				CLANG_CXX_LANGUAGE_STANDARD = "gnu++14";
				CLANG_CXX_LIBRARY = "libc++";
				CLANG_ENABLE_MODULES = YES;
				CLANG_ENABLE_OBJC_ARC = YES;
				CLANG_ENABLE_OBJC_WEAK = YES;
				CLANG_WARN_BLOCK_CAPTURE_AUTORELEASING = YES;
				CLANG_WARN_BOOL_CONVERSION = YES;
				CLANG_WARN_COMMA = YES;
				CLANG_WARN_CONSTANT_CONVERSION = YES;
				CLANG_WARN_DEPRECATED_OBJC_IMPLEMENTATIONS = YES;
				CLANG_WARN_DIRECT_OBJC_ISA_USAGE = YES_ERROR;
				CLANG_WARN_DOCUMENTATION_COMMENTS = YES;
				CLANG_WARN_EMPTY_BODY = YES;
				CLANG_WARN_ENUM_CONVERSION = YES;
				CLANG_WARN_INFINITE_RECURSION = YES;
				CLANG_WARN_INT_CONVERSION = YES;
				CLANG_WARN_NON_LITERAL_NULL_CONVERSION = YES;
				CLANG_WARN_OBJC_IMPLICIT_RETAIN_SELF = YES;
				CLANG_WARN_OBJC_LITERAL_CONVERSION = YES;
				CLANG_WARN_OBJC_ROOT_CLASS = YES_ERROR;
				CLANG_WARN_QUOTED_INCLUDE_IN_FRAMEWORK_HEADER = YES;
				CLANG_WARN_RANGE_LOOP_ANALYSIS = YES;
				CLANG_WARN_STRICT_PROTOTYPES = YES;
				CLANG_WARN_SUSPICIOUS_MOVE = YES;
				CLANG_WARN_UNGUARDED_AVAILABILITY = YES_AGGRESSIVE;
				CLANG_WARN_UNREACHABLE_CODE = YES;
				CLANG_WARN__DUPLICATE_METHOD_MATCH = YES;
				CODE_SIGN_STYLE = Automatic;
				COPY_PHASE_STRIP = NO;
				CURRENT_PROJECT_VERSION = 1;
				DEBUG_INFORMATION_FORMAT = dwarf;
				ENABLE_STRICT_OBJC_MSGSEND = YES;
				ENABLE_TESTABILITY = YES;
				GCC_C_LANGUAGE_STANDARD = gnu11;
				GCC_DYNAMIC_NO_PIC = NO;
				GCC_NO_COMMON_BLOCKS = YES;
				GCC_OPTIMIZATION_LEVEL = 0;
				GCC_PREPROCESSOR_DEFINITIONS = (
					"$(inherited)",
					"DEBUG=1",
				);
				GCC_WARN_64_TO_32_BIT_CONVERSION = YES;
				GCC_WARN_ABOUT_RETURN_TYPE = YES_ERROR;
				GCC_WARN_UNDECLARED_SELECTOR = YES;
				GCC_WARN_UNINITIALIZED_AUTOS = YES_AGGRESSIVE;
				GCC_WARN_UNUSED_FUNCTION = YES;
				GCC_WARN_UNUSED_VARIABLE = YES;
				GENERATE_INFOPLIST_FILE = NO;
				INFOPLIST_FILE = Info.plist;
				MACOSX_DEPLOYMENT_TARGET = 14.0;
				MARKETING_VERSION = 0.1.0;
				MTL_ENABLE_DEBUG_INFO = INCLUDE_SOURCE;
				MTL_FAST_MATH = YES;
				NURA_RUST_LIB_DIR = "$(SRCROOT)/../../target/debug";
				ONLY_ACTIVE_ARCH = YES;
				PRODUCT_BUNDLE_IDENTIFIER = com.nura.player;
				PRODUCT_NAME = Nura;
				SDKROOT = macosx;
				SWIFT_ACTIVE_COMPILATION_CONDITIONS = DEBUG;
				SWIFT_OPTIMIZATION_LEVEL = "-Onone";
				SWIFT_VERSION = 6.0;
			};
			name = Debug;
		};
		5AF8659EBE1C755C9A6849B6 /* Debug */ = {
			isa = XCBuildConfiguration;
			buildSettings = {
				ASSETCATALOG_COMPILER_APPICON_NAME = AppIcon;
				COMBINE_HIDPI_IMAGES = YES;
				INFOPLIST_KEY_CFBundleDisplayName = Nura;
				LD_RUNPATH_SEARCH_PATHS = (
					"$(inherited)",
					"@executable_path/../Frameworks",
				);
				LIBRARY_SEARCH_PATHS = (
					"$(NURA_RUST_LIB_DIR)",
				);
				OTHER_LDFLAGS = (
					"-lnura_ffi",
					"-framework",
					AppKit,
					"-framework",
					OpenGL,
					"-framework",
					Security,
					"-framework",
					MediaPlayer,
					"-framework",
					AVFoundation,
				);
				PRODUCT_NAME = Nura;
				SDKROOT = macosx;
				SWIFT_OBJC_BRIDGING_HEADER = "";
			};
			name = Debug;
		};
		914FC1C27FD2489F8F5FCB92 /* Release */ = {
			isa = XCBuildConfiguration;
			buildSettings = {
				ALWAYS_SEARCH_USER_PATHS = NO;
				ARCHS = arm64;
				ASSETCATALOG_COMPILER_APPICON_NAME = AppIcon;
				CLANG_ANALYZER_NONNULL = YES;
				CLANG_ANALYZER_NUMBER_OBJECT_CONVERSION = YES_AGGRESSIVE;
				CLANG_CXX_LANGUAGE_STANDARD = "gnu++14";
				CLANG_CXX_LIBRARY = "libc++";
				CLANG_ENABLE_MODULES = YES;
				CLANG_ENABLE_OBJC_ARC = YES;
				CLANG_ENABLE_OBJC_WEAK = YES;
				CLANG_WARN_BLOCK_CAPTURE_AUTORELEASING = YES;
				CLANG_WARN_BOOL_CONVERSION = YES;
				CLANG_WARN_COMMA = YES;
				CLANG_WARN_CONSTANT_CONVERSION = YES;
				CLANG_WARN_DEPRECATED_OBJC_IMPLEMENTATIONS = YES;
				CLANG_WARN_DIRECT_OBJC_ISA_USAGE = YES_ERROR;
				CLANG_WARN_DOCUMENTATION_COMMENTS = YES;
				CLANG_WARN_EMPTY_BODY = YES;
				CLANG_WARN_ENUM_CONVERSION = YES;
				CLANG_WARN_INFINITE_RECURSION = YES;
				CLANG_WARN_INT_CONVERSION = YES;
				CLANG_WARN_NON_LITERAL_NULL_CONVERSION = YES;
				CLANG_WARN_OBJC_IMPLICIT_RETAIN_SELF = YES;
				CLANG_WARN_OBJC_LITERAL_CONVERSION = YES;
				CLANG_WARN_OBJC_ROOT_CLASS = YES_ERROR;
				CLANG_WARN_QUOTED_INCLUDE_IN_FRAMEWORK_HEADER = YES;
				CLANG_WARN_RANGE_LOOP_ANALYSIS = YES;
				CLANG_WARN_STRICT_PROTOTYPES = YES;
				CLANG_WARN_SUSPICIOUS_MOVE = YES;
				CLANG_WARN_UNGUARDED_AVAILABILITY = YES_AGGRESSIVE;
				CLANG_WARN_UNREACHABLE_CODE = YES;
				CLANG_WARN__DUPLICATE_METHOD_MATCH = YES;
				CODE_SIGN_STYLE = Automatic;
				COPY_PHASE_STRIP = NO;
				CURRENT_PROJECT_VERSION = 1;
				DEBUG_INFORMATION_FORMAT = "dwarf-with-dsym";
				ENABLE_NS_ASSERTIONS = NO;
				ENABLE_STRICT_OBJC_MSGSEND = YES;
				GCC_C_LANGUAGE_STANDARD = gnu11;
				GCC_NO_COMMON_BLOCKS = YES;
				GCC_WARN_64_TO_32_BIT_CONVERSION = YES;
				GCC_WARN_ABOUT_RETURN_TYPE = YES_ERROR;
				GCC_WARN_UNDECLARED_SELECTOR = YES;
				GCC_WARN_UNINITIALIZED_AUTOS = YES_AGGRESSIVE;
				GCC_WARN_UNUSED_FUNCTION = YES;
				GCC_WARN_UNUSED_VARIABLE = YES;
				GENERATE_INFOPLIST_FILE = NO;
				INFOPLIST_FILE = Info.plist;
				MACOSX_DEPLOYMENT_TARGET = 14.0;
				MARKETING_VERSION = 0.1.0;
				MTL_ENABLE_DEBUG_INFO = NO;
				MTL_FAST_MATH = YES;
				NURA_RUST_LIB_DIR = "$(SRCROOT)/../../target/release";
				PRODUCT_BUNDLE_IDENTIFIER = com.nura.player;
				PRODUCT_NAME = Nura;
				SDKROOT = macosx;
				SWIFT_COMPILATION_MODE = wholemodule;
				SWIFT_OPTIMIZATION_LEVEL = "-O";
				SWIFT_VERSION = 6.0;
			};
			name = Release;
		};
		96A8E49654A7BC3E056E8963 /* Debug */ = {
			isa = XCBuildConfiguration;
			buildSettings = {
				BUNDLE_LOADER = "$(TEST_HOST)";
				COMBINE_HIDPI_IMAGES = YES;
				LD_RUNPATH_SEARCH_PATHS = (
					"$(inherited)",
					"@executable_path/../Frameworks",
					"@loader_path/../Frameworks",
				);
				PRODUCT_BUNDLE_IDENTIFIER = com.nura.player.tests;
				PRODUCT_NAME = NuraMacTests;
				SDKROOT = macosx;
				TEST_HOST = "$(BUILT_PRODUCTS_DIR)/Nura.app/Contents/MacOS/Nura";
			};
			name = Debug;
		};
		BA12E1EB2560536AEF5B8A80 /* Release */ = {
			isa = XCBuildConfiguration;
			buildSettings = {
				BUNDLE_LOADER = "$(TEST_HOST)";
				COMBINE_HIDPI_IMAGES = YES;
				LD_RUNPATH_SEARCH_PATHS = (
					"$(inherited)",
					"@executable_path/Frameworks",
					"@loader_path/Frameworks",
				);
				OTHER_LDFLAGS = (
					"-framework",
					Network,
				);
				PRODUCT_BUNDLE_IDENTIFIER = com.nura.player.uitests;
				PRODUCT_NAME = NuraMacUITests;
				SDKROOT = macosx;
				TEST_TARGET_NAME = NuraMac;
			};
			name = Release;
		};
		E78BC1F0B2C69CE3E16D24F9 /* Release */ = {
			isa = XCBuildConfiguration;
			buildSettings = {
				BUNDLE_LOADER = "$(TEST_HOST)";
				COMBINE_HIDPI_IMAGES = YES;
				LD_RUNPATH_SEARCH_PATHS = (
					"$(inherited)",
					"@executable_path/../Frameworks",
					"@loader_path/../Frameworks",
				);
				PRODUCT_BUNDLE_IDENTIFIER = com.nura.player.tests;
				PRODUCT_NAME = NuraMacTests;
				SDKROOT = macosx;
				TEST_HOST = "$(BUILT_PRODUCTS_DIR)/Nura.app/Contents/MacOS/Nura";
			};
			name = Release;
		};
		EE4E35289DDE0167C61EFEC8 /* Debug */ = {
			isa = XCBuildConfiguration;
			buildSettings = {
				BUNDLE_LOADER = "$(TEST_HOST)";
				COMBINE_HIDPI_IMAGES = YES;
				LD_RUNPATH_SEARCH_PATHS = (
					"$(inherited)",
					"@executable_path/Frameworks",
					"@loader_path/Frameworks",
				);
				OTHER_LDFLAGS = (
					"-framework",
					Network,
				);
				PRODUCT_BUNDLE_IDENTIFIER = com.nura.player.uitests;
				PRODUCT_NAME = NuraMacUITests;
				SDKROOT = macosx;
				TEST_TARGET_NAME = NuraMac;
			};
			name = Debug;
		};
/* End XCBuildConfiguration section */

/* Begin XCConfigurationList section */
		30B34925F5085D5FDD016160 /* Build configuration list for PBXProject "NuraMac" */ = {
			isa = XCConfigurationList;
			buildConfigurations = (
				4529B6CAAFA227E5DDAEE47B /* Debug */,
				914FC1C27FD2489F8F5FCB92 /* Release */,
			);
			defaultConfigurationIsVisible = 0;
			defaultConfigurationName = Debug;
		};
		43CE72E375AAB73FBE3953EC /* Build configuration list for PBXNativeTarget "NuraMacUITests" */ = {
			isa = XCConfigurationList;
			buildConfigurations = (
				EE4E35289DDE0167C61EFEC8 /* Debug */,
				BA12E1EB2560536AEF5B8A80 /* Release */,
			);
			defaultConfigurationIsVisible = 0;
			defaultConfigurationName = Debug;
		};
		7A4AE487080B36BA2190934E /* Build configuration list for PBXNativeTarget "NuraMacTests" */ = {
			isa = XCConfigurationList;
			buildConfigurations = (
				96A8E49654A7BC3E056E8963 /* Debug */,
				E78BC1F0B2C69CE3E16D24F9 /* Release */,
			);
			defaultConfigurationIsVisible = 0;
			defaultConfigurationName = Debug;
		};
		C1380EEEEBCBCB94F8DD8005 /* Build configuration list for PBXNativeTarget "NuraMac" */ = {
			isa = XCConfigurationList;
			buildConfigurations = (
				5AF8659EBE1C755C9A6849B6 /* Debug */,
				1239692F548BA9FA18A47E6D /* Release */,
			);
			defaultConfigurationIsVisible = 0;
			defaultConfigurationName = Debug;
		};
/* End XCConfigurationList section */
	};
	rootObject = 0125037004C97888BA8EC23F /* Project object */;
}
